langcode: en
status: true
dependencies:
  config:
    - field.storage.paragraph.field_discover_block
    - paragraphs.paragraphs_type.discover_roles
    - paragraphs.paragraphs_type.search_and_discover
  module:
    - entity_reference_revisions
id: paragraph.search_and_discover.field_discover_block
field_name: field_discover_block
entity_type: paragraph
bundle: search_and_discover
label: 'Discover Block'
description: ''
required: false
translatable: false
default_value: {  }
default_value_callback: ''
settings:
  handler: 'default:paragraph'
  handler_settings:
    negate: 0
    target_bundles:
      discover_roles: discover_roles
    target_bundles_drag_drop:
      search_and_discover:
        weight: 6
        enabled: false
      discover_roles:
        enabled: true
        weight: 7
      image_with_text:
        weight: 8
        enabled: false
      key_value:
        weight: 9
        enabled: false
      search_block:
        weight: 10
        enabled: false
field_type: entity_reference_revisions
